// !$*UTF8*$!
{
	archiveVersion = 1;
	classes = {
	};
	objectVersion = 55;
	objects = {

/* Begin PBXBuildFile section */
		7F511FFA29DB3B0B00D29C34 /* ShopController.swift in Sources */ = {isa = PBXBuildFile; fileRef = 7F511FF929DB3B0B00D29C34 /* ShopController.swift */; };
		7FF1E99229ED293B00E77E5E /* TableViewCell.swift in Sources */ = {isa = PBXBuildFile; fileRef = 7FF1E99029ED293B00E77E5E /* TableViewCell.swift */; };
		7FF1E99329ED293B00E77E5E /* TableViewCell.xib in Resources */ = {isa = PBXBuildFile; fileRef = 7FF1E99129ED293B00E77E5E /* TableViewCell.xib */; };
		7FF1E99529ED416800E77E5E /* InventoryController.swift in Sources */ = {isa = PBXBuildFile; fileRef = 7FF1E99429ED416800E77E5E /* InventoryController.swift */; };
		7FF1E99829ED720F00E77E5E /* InventoryTableViewCell.swift in Sources */ = {isa = PBXBuildFile; fileRef = 7FF1E99629ED720F00E77E5E /* InventoryTableViewCell.swift */; };
		7FF1E99929ED720F00E77E5E /* InventoryTableViewCell.xib in Resources */ = {isa = PBXBuildFile; fileRef = 7FF1E99729ED720F00E77E5E /* InventoryTableViewCell.xib */; };
		B610C1B129DB28C20020F285 /* AppDelegate.swift in Sources */ = {isa = PBXBuildFile; fileRef = B610C1B029DB28C20020F285 /* AppDelegate.swift */; };
		B610C1B329DB28C20020F285 /* SceneDelegate.swift in Sources */ = {isa = PBXBuildFile; fileRef = B610C1B229DB28C20020F285 /* SceneDelegate.swift */; };
		B610C1B529DB28C20020F285 /* ClickerController.swift in Sources */ = {isa = PBXBuildFile; fileRef = B610C1B429DB28C20020F285 /* ClickerController.swift */; };
		B610C1B829DB28C20020F285 /* Main.storyboard in Resources */ = {isa = PBXBuildFile; fileRef = B610C1B629DB28C20020F285 /* Main.storyboard */; };
		B610C1BA29DB28C30020F285 /* Assets.xcassets in Resources */ = {isa = PBXBuildFile; fileRef = B610C1B929DB28C30020F285 /* Assets.xcassets */; };
		B610C1BD29DB28C30020F285 /* LaunchScreen.storyboard in Resources */ = {isa = PBXBuildFile; fileRef = B610C1BB29DB28C30020F285 /* LaunchScreen.storyboard */; };
		B610C1C829DB28C30020F285 /* ClickerTests.swift in Sources */ = {isa = PBXBuildFile; fileRef = B610C1C729DB28C30020F285 /* ClickerTests.swift */; };
		B610C1D229DB28C30020F285 /* ClickerUITests.swift in Sources */ = {isa = PBXBuildFile; fileRef = B610C1D129DB28C30020F285 /* ClickerUITests.swift */; };
		B610C1D429DB28C30020F285 /* ClickerUITestsLaunchTests.swift in Sources */ = {isa = PBXBuildFile; fileRef = B610C1D329DB28C30020F285 /* ClickerUITestsLaunchTests.swift */; };
		B66A122129ED282B0014620C /* WalkingController.swift in Sources */ = {isa = PBXBuildFile; fileRef = B66A122029ED282B0014620C /* WalkingController.swift */; };
		B6D5777029ED63EC00C9A6DC /* Inventory.swift in Sources */ = {isa = PBXBuildFile; fileRef = B6D5776F29ED63EC00C9A6DC /* Inventory.swift */; };
/* End PBXBuildFile section */

/* Begin PBXContainerItemProxy section */
		B610C1C429DB28C30020F285 /* PBXContainerItemProxy */ = {
			isa = PBXContainerItemProxy;
			containerPortal = B610C1A529DB28C20020F285 /* Project object */;
			proxyType = 1;
			remoteGlobalIDString = B610C1AC29DB28C20020F285;
			remoteInfo = Clicker;
		};
		B610C1CE29DB28C30020F285 /* PBXContainerItemProxy */ = {
			isa = PBXContainerItemProxy;
			containerPortal = B610C1A529DB28C20020F285 /* Project object */;
			proxyType = 1;
			remoteGlobalIDString = B610C1AC29DB28C20020F285;
			remoteInfo = Clicker;
		};
/* End PBXContainerItemProxy section */

/* Begin PBXFileReference section */
		7F511FF929DB3B0B00D29C34 /* ShopController.swift */ = {isa = PBXFileReference; lastKnownFileType = sourcecode.swift; path = ShopController.swift; sourceTree = "<group>"; };
		7FF1E99029ED293B00E77E5E /* TableViewCell.swift */ = {isa = PBXFileReference; lastKnownFileType = sourcecode.swift; path = TableViewCell.swift; sourceTree = "<group>"; };
		7FF1E99129ED293B00E77E5E /* TableViewCell.xib */ = {isa = PBXFileReference; lastKnownFileType = file.xib; path = TableViewCell.xib; sourceTree = "<group>"; };
		7FF1E99429ED416800E77E5E /* InventoryController.swift */ = {isa = PBXFileReference; lastKnownFileType = sourcecode.swift; path = InventoryController.swift; sourceTree = "<group>"; };
		7FF1E99629ED720F00E77E5E /* InventoryTableViewCell.swift */ = {isa = PBXFileReference; lastKnownFileType = sourcecode.swift; path = InventoryTableViewCell.swift; sourceTree = "<group>"; };
		7FF1E99729ED720F00E77E5E /* InventoryTableViewCell.xib */ = {isa = PBXFileReference; lastKnownFileType = file.xib; path = InventoryTableViewCell.xib; sourceTree = "<group>"; };
		B610C1AD29DB28C20020F285 /* Clicker.app */ = {isa = PBXFileReference; explicitFileType = wrapper.application; includeInIndex = 0; path = Clicker.app; sourceTree = BUILT_PRODUCTS_DIR; };
		B610C1B029DB28C20020F285 /* AppDelegate.swift */ = {isa = PBXFileReference; lastKnownFileType = sourcecode.swift; path = AppDelegate.swift; sourceTree = "<group>"; };
		B610C1B229DB28C20020F285 /* SceneDelegate.swift */ = {isa = PBXFileReference; lastKnownFileType = sourcecode.swift; path = SceneDelegate.swift; sourceTree = "<group>"; };
		B610C1B429DB28C20020F285 /* ClickerController.swift */ = {isa = PBXFileReference; lastKnownFileType = sourcecode.swift; path = ClickerController.swift; sourceTree = "<group>"; };
		B610C1B729DB28C20020F285 /* Base */ = {isa = PBXFileReference; lastKnownFileType = file.storyboard; name = Base; path = Base.lproj/Main.storyboard; sourceTree = "<group>"; };
		B610C1B929DB28C30020F285 /* Assets.xcassets */ = {isa = PBXFileReference; lastKnownFileType = folder.assetcatalog; path = Assets.xcassets; sourceTree = "<group>"; };
		B610C1BC29DB28C30020F285 /* Base */ = {isa = PBXFileReference; lastKnownFileType = file.storyboard; name = Base; path = Base.lproj/LaunchScreen.storyboard; sourceTree = "<group>"; };
		B610C1BE29DB28C30020F285 /* Info.plist */ = {isa = PBXFileReference; lastKnownFileType = text.plist.xml; path = Info.plist; sourceTree = "<group>"; };
		B610C1C329DB28C30020F285 /* ClickerTests.xctest */ = {isa = PBXFileReference; explicitFileType = wrapper.cfbundle; includeInIndex = 0; path = ClickerTests.xctest; sourceTree = BUILT_PRODUCTS_DIR; };
		B610C1C729DB28C30020F285 /* ClickerTests.swift */ = {isa = PBXFileReference; lastKnownFileType = sourcecode.swift; path = ClickerTests.swift; sourceTree = "<group>"; };
		B610C1CD29DB28C30020F285 /* ClickerUITests.xctest */ = {isa = PBXFileReference; explicitFileType = wrapper.cfbundle; includeInIndex = 0; path = ClickerUITests.xctest; sourceTree = BUILT_PRODUCTS_DIR; };
		B610C1D129DB28C30020F285 /* ClickerUITests.swift */ = {isa = PBXFileReference; lastKnownFileType = sourcecode.swift; path = ClickerUITests.swift; sourceTree = "<group>"; };
		B610C1D329DB28C30020F285 /* ClickerUITestsLaunchTests.swift */ = {isa = PBXFileReference; lastKnownFileType = sourcecode.swift; path = ClickerUITestsLaunchTests.swift; sourceTree = "<group>"; };
		B66A122029ED282B0014620C /* WalkingController.swift */ = {isa = PBXFileReference; lastKnownFileType = sourcecode.swift; path = WalkingController.swift; sourceTree = "<group>"; };
		B6D5776F29ED63EC00C9A6DC /* Inventory.swift */ = {isa = PBXFileReference; lastKnownFileType = sourcecode.swift; path = Inventory.swift; sourceTree = "<group>"; };
/* End PBXFileReference section */

/* Begin PBXFrameworksBuildPhase section */
		B610C1AA29DB28C20020F285 /* Frameworks */ = {
			isa = PBXFrameworksBuildPhase;
			buildActionMask = 2147483647;
			files = (
			);
			runOnlyForDeploymentPostprocessing = 0;
		};
		B610C1C029DB28C30020F285 /* Frameworks */ = {
			isa = PBXFrameworksBuildPhase;
			buildActionMask = 2147483647;
			files = (
			);
			runOnlyForDeploymentPostprocessing = 0;
		};
		B610C1CA29DB28C30020F285 /* Frameworks */ = {
			isa = PBXFrameworksBuildPhase;
			buildActionMask = 2147483647;
			files = (
			);
			runOnlyForDeploymentPostprocessing = 0;
		};
/* End PBXFrameworksBuildPhase section */

/* Begin PBXGroup section */
		B610C1A429DB28C20020F285 = {
			isa = PBXGroup;
			children = (
				B610C1AF29DB28C20020F285 /* Clicker */,
				B610C1C629DB28C30020F285 /* ClickerTests */,
				B610C1D029DB28C30020F285 /* ClickerUITests */,
				B610C1AE29DB28C20020F285 /* Products */,
			);
			sourceTree = "<group>";
		};
		B610C1AE29DB28C20020F285 /* Products */ = {
			isa = PBXGroup;
			children = (
				B610C1AD29DB28C20020F285 /* Clicker.app */,
				B610C1C329DB28C30020F285 /* ClickerTests.xctest */,
				B610C1CD29DB28C30020F285 /* ClickerUITests.xctest */,
			);
			name = Products;
			sourceTree = "<group>";
		};
		B610C1AF29DB28C20020F285 /* Clicker */ = {
			isa = PBXGroup;
			children = (
				B66A122029ED282B0014620C /* WalkingController.swift */,
				B610C1B029DB28C20020F285 /* AppDelegate.swift */,
				B610C1B229DB28C20020F285 /* SceneDelegate.swift */,
				B610C1B429DB28C20020F285 /* ClickerController.swift */,
				B610C1B629DB28C20020F285 /* Main.storyboard */,
				B610C1B929DB28C30020F285 /* Assets.xcassets */,
				B610C1BB29DB28C30020F285 /* LaunchScreen.storyboard */,
				B610C1BE29DB28C30020F285 /* Info.plist */,
				7F511FF929DB3B0B00D29C34 /* ShopController.swift */,
				7FF1E99029ED293B00E77E5E /* TableViewCell.swift */,
				7FF1E99129ED293B00E77E5E /* TableViewCell.xib */,
				7FF1E99429ED416800E77E5E /* InventoryController.swift */,
				B6D5776F29ED63EC00C9A6DC /* Inventory.swift */,
				7FF1E99629ED720F00E77E5E /* InventoryTableViewCell.swift */,
				7FF1E99729ED720F00E77E5E /* InventoryTableViewCell.xib */,
			);
			path = Clicker;
			sourceTree = "<group>";
		};
		B610C1C629DB28C30020F285 /* ClickerTests */ = {
			isa = PBXGroup;
			children = (
				B610C1C729DB28C30020F285 /* ClickerTests.swift */,
			);
			path = ClickerTests;
			sourceTree = "<group>";
		};
		B610C1D029DB28C30020F285 /* ClickerUITests */ = {
			isa = PBXGroup;
			children = (
				B610C1D129DB28C30020F285 /* ClickerUITests.swift */,
				B610C1D329DB28C30020F285 /* ClickerUITestsLaunchTests.swift */,
			);
			path = ClickerUITests;
			sourceTree = "<group>";
		};
/* End PBXGroup section */

/* Begin PBXNativeTarget section */
		B610C1AC29DB28C20020F285 /* Clicker */ = {
			isa = PBXNativeTarget;
			buildConfigurationList = B610C1D729DB28C30020F285 /* Build configuration list for PBXNativeTarget "Clicker" */;
			buildPhases = (
				B610C1A929DB28C20020F285 /* Sources */,
				B610C1AA29DB28C20020F285 /* Frameworks */,
				B610C1AB29DB28C20020F285 /* Resources */,
			);
			buildRules = (
			);
			dependencies = (
			);
			name = Clicker;
			productName = Clicker;
			productReference = B610C1AD29DB28C20020F285 /* Clicker.app */;
			productType = "com.apple.product-type.application";
		};
		B610C1C229DB28C30020F285 /* ClickerTests */ = {
			isa = PBXNativeTarget;
			buildConfigurationList = B610C1DA29DB28C30020F285 /* Build configuration list for PBXNativeTarget "ClickerTests" */;
			buildPhases = (
				B610C1BF29DB28C30020F285 /* Sources */,
				B610C1C029DB28C30020F285 /* Frameworks */,
				B610C1C129DB28C30020F285 /* Resources */,
			);
			buildRules = (
			);
			dependencies = (
				B610C1C529DB28C30020F285 /* PBXTargetDependency */,
			);
			name = ClickerTests;
			productName = ClickerTests;
			productReference = B610C1C329DB28C30020F285 /* ClickerTests.xctest */;
			productType = "com.apple.product-type.bundle.unit-test";
		};
		B610C1CC29DB28C30020F285 /* ClickerUITests */ = {
			isa = PBXNativeTarget;
			buildConfigurationList = B610C1DD29DB28C30020F285 /* Build configuration list for PBXNativeTarget "ClickerUITests" */;
			buildPhases = (
				B610C1C929DB28C30020F285 /* Sources */,
				B610C1CA29DB28C30020F285 /* Frameworks */,
				B610C1CB29DB28C30020F285 /* Resources */,
			);
			buildRules = (
			);
			dependencies = (
				B610C1CF29DB28C30020F285 /* PBXTargetDependency */,
			);
			name = ClickerUITests;
			productName = ClickerUITests;
			productReference = B610C1CD29DB28C30020F285 /* ClickerUITests.xctest */;
			productType = "com.apple.product-type.bundle.ui-testing";
		};
/* End PBXNativeTarget section */

/* Begin PBXProject section */
		B610C1A529DB28C20020F285 /* Project object */ = {
			isa = PBXProject;
			attributes = {
				BuildIndependentTargetsInParallel = 1;
				LastSwiftUpdateCheck = 1340;
				LastUpgradeCheck = 1340;
				TargetAttributes = {
					B610C1AC29DB28C20020F285 = {
						CreatedOnToolsVersion = 13.4.1;
					};
					B610C1C229DB28C30020F285 = {
						CreatedOnToolsVersion = 13.4.1;
						TestTargetID = B610C1AC29DB28C20020F285;
					};
					B610C1CC29DB28C30020F285 = {
						CreatedOnToolsVersion = 13.4.1;
						TestTargetID = B610C1AC29DB28C20020F285;
					};
				};
			};
			buildConfigurationList = B610C1A829DB28C20020F285 /* Build configuration list for PBXProject "Clicker" */;
			compatibilityVersion = "Xcode 13.0";
			developmentRegion = en;
			hasScannedForEncodings = 0;
			knownRegions = (
				en,
				Base,
			);
			mainGroup = B610C1A429DB28C20020F285;
			productRefGroup = B610C1AE29DB28C20020F285 /* Products */;
			projectDirPath = "";
			projectRoot = "";
			targets = (
				B610C1AC29DB28C20020F285 /* Clicker */,
				B610C1C229DB28C30020F285 /* ClickerTests */,
				B610C1CC29DB28C30020F285 /* ClickerUITests */,
			);
		};
/* End PBXProject section */

/* Begin PBXResourcesBuildPhase section */
		B610C1AB29DB28C20020F285 /* Resources */ = {
			isa = PBXResourcesBuildPhase;
			buildActionMask = 2147483647;
			files = (
				7FF1E99929ED720F00E77E5E /* InventoryTableViewCell.xib in Resources */,
				B610C1BD29DB28C30020F285 /* LaunchScreen.storyboard in Resources */,
				7FF1E99329ED293B00E77E5E /* TableViewCell.xib in Resources */,
				B610C1BA29DB28C30020F285 /* Assets.xcassets in Resources */,
				B610C1B829DB28C20020F285 /* Main.storyboard in Resources */,
			);
			runOnlyForDeploymentPostprocessing = 0;
		};
		B610C1C129DB28C30020F285 /* Resources */ = {
			isa = PBXResourcesBuildPhase;
			buildActionMask = 2147483647;
			files = (
			);
			runOnlyForDeploymentPostprocessing = 0;
		};
		B610C1CB29DB28C30020F285 /* Resources */ = {
			isa = PBXResourcesBuildPhase;
			buildActionMask = 2147483647;
			files = (
			);
			runOnlyForDeploymentPostprocessing = 0;
		};
/* End PBXResourcesBuildPhase section */

/* Begin PBXSourcesBuildPhase section */
		B610C1A929DB28C20020F285 /* Sources */ = {
			isa = PBXSourcesBuildPhase;
			buildActionMask = 2147483647;
			files = (
				B6D5777029ED63EC00C9A6DC /* Inventory.swift in Sources */,
				7FF1E99829ED720F00E77E5E /* InventoryTableViewCell.swift in Sources */,
				7FF1E99229ED293B00E77E5E /* TableViewCell.swift in Sources */,
				B610C1B529DB28C20020F285 /* ClickerController.swift in Sources */,
				7FF1E99529ED416800E77E5E /* InventoryController.swift in Sources */,
				7F511FFA29DB3B0B00D29C34 /* ShopController.swift in Sources */,
				B610C1B129DB28C20020F285 /* AppDelegate.swift in Sources */,
				B610C1B329DB28C20020F285 /* SceneDelegate.swift in Sources */,
				B66A122129ED282B0014620C /* WalkingController.swift in Sources */,
			);
			runOnlyForDeploymentPostprocessing = 0;
		};
		B610C1BF29DB28C30020F285 /* Sources */ = {
			isa = PBXSourcesBuildPhase;
			buildActionMask = 2147483647;
			files = (
				B610C1C829DB28C30020F285 /* ClickerTests.swift in Sources */,
			);
			runOnlyForDeploymentPostprocessing = 0;
		};
		B610C1C929DB28C30020F285 /* Sources */ = {
			isa = PBXSourcesBuildPhase;
			buildActionMask = 2147483647;
			files = (
				B610C1D429DB28C30020F285 /* ClickerUITestsLaunchTests.swift in Sources */,
				B610C1D229DB28C30020F285 /* ClickerUITests.swift in Sources */,
			);
			runOnlyForDeploymentPostprocessing = 0;
		};
/* End PBXSourcesBuildPhase section */

/* Begin PBXTargetDependency section */
		B610C1C529DB28C30020F285 /* PBXTargetDependency */ = {
			isa = PBXTargetDependency;
			target = B610C1AC29DB28C20020F285 /* Clicker */;
			targetProxy = B610C1C429DB28C30020F285 /* PBXContainerItemProxy */;
		};
		B610C1CF29DB28C30020F285 /* PBXTargetDependency */ = {
			isa = PBXTargetDependency;
			target = B610C1AC29DB28C20020F285 /* Clicker */;
			targetProxy = B610C1CE29DB28C30020F285 /* PBXContainerItemProxy */;
		};
/* End PBXTargetDependency section */

/* Begin PBXVariantGroup section */
		B610C1B629DB28C20020F285 /* Main.storyboard */ = {
			isa = PBXVariantGroup;
			children = (
				B610C1B729DB28C20020F285 /* Base */,
			);
			name = Main.storyboard;
			sourceTree = "<group>";
		};
		B610C1BB29DB28C30020F285 /* LaunchScreen.storyboard */ = {
			isa = PBXVariantGroup;
			children = (
				B610C1BC29DB28C30020F285 /* Base */,
			);
			name = LaunchScreen.storyboard;
			sourceTree = "<group>";
		};
/* End PBXVariantGroup section */

/* Begin XCBuildConfiguration section */
		B610C1D529DB28C30020F285 /* Debug */ = {
			isa = XCBuildConfiguration;
			buildSettings = {
				ALWAYS_SEARCH_USER_PATHS = NO;
				CLANG_ANALYZER_NONNULL = YES;
				CLANG_ANALYZER_NUMBER_OBJECT_CONVERSION = YES_AGGRESSIVE;
				CLANG_CXX_LANGUAGE_STANDARD = "gnu++17";
				CLANG_ENABLE_MODULES = YES;
				CLANG_ENABLE_OBJC_ARC = YES;
				CLANG_ENABLE_OBJC_WEAK = YES;
				CLANG_WARN_BLOCK_CAPTURE_AUTORELEASING = YES;
				CLANG_WARN_BOOL_CONVERSION = YES;
				CLANG_WARN_COMMA = YES;
				CLANG_WARN_CONSTANT_CONVERSION = YES;
				CLANG_WARN_DEPRECATED_OBJC_IMPLEMENTATIONS = YES;
				CLANG_WARN_DIRECT_OBJC_ISA_USAGE = YES_ERROR;
				CLANG_WARN_DOCUMENTATION_COMMENTS = YES;
				CLANG_WARN_EMPTY_BODY = YES;
				CLANG_WARN_ENUM_CONVERSION = YES;
				CLANG_WARN_INFINITE_RECURSION = YES;
				CLANG_WARN_INT_CONVERSION = YES;
				CLANG_WARN_NON_LITERAL_NULL_CONVERSION = YES;
				CLANG_WARN_OBJC_IMPLICIT_RETAIN_SELF = YES;
				CLANG_WARN_OBJC_LITERAL_CONVERSION = YES;
				CLANG_WARN_OBJC_ROOT_CLASS = YES_ERROR;
				CLANG_WARN_QUOTED_INCLUDE_IN_FRAMEWORK_HEADER = YES;
				CLANG_WARN_RANGE_LOOP_ANALYSIS = YES;
				CLANG_WARN_STRICT_PROTOTYPES = YES;
				CLANG_WARN_SUSPICIOUS_MOVE = YES;
				CLANG_WARN_UNGUARDED_AVAILABILITY = YES_AGGRESSIVE;
				CLANG_WARN_UNREACHABLE_CODE = YES;
				CLANG_WARN__DUPLICATE_METHOD_MATCH = YES;
				COPY_PHASE_STRIP = NO;
				DEBUG_INFORMATION_FORMAT = dwarf;
				ENABLE_STRICT_OBJC_MSGSEND = YES;
				ENABLE_TESTABILITY = YES;
				GCC_C_LANGUAGE_STANDARD = gnu11;
				GCC_DYNAMIC_NO_PIC = NO;
				GCC_NO_COMMON_BLOCKS = YES;
				GCC_OPTIMIZATION_LEVEL = 0;
				GCC_PREPROCESSOR_DEFINITIONS = (
					"DEBUG=1",
					"$(inherited)",
				);
				GCC_WARN_64_TO_32_BIT_CONVERSION = YES;
				GCC_WARN_ABOUT_RETURN_TYPE = YES_ERROR;
				GCC_WARN_UNDECLARED_SELECTOR = YES;
				GCC_WARN_UNINITIALIZED_AUTOS = YES_AGGRESSIVE;
				GCC_WARN_UNUSED_FUNCTION = YES;
				GCC_WARN_UNUSED_VARIABLE = YES;
				IPHONEOS_DEPLOYMENT_TARGET = 15.5;
				MTL_ENABLE_DEBUG_INFO = INCLUDE_SOURCE;
				MTL_FAST_MATH = YES;
				ONLY_ACTIVE_ARCH = YES;
				SDKROOT = iphoneos;
				SWIFT_ACTIVE_COMPILATION_CONDITIONS = DEBUG;
				SWIFT_OPTIMIZATION_LEVEL = "-Onone";
			};
			name = Debug;
		};
		B610C1D629DB28C30020F285 /* Release */ = {
			isa = XCBuildConfiguration;
			buildSettings = {
				ALWAYS_SEARCH_USER_PATHS = NO;
				CLANG_ANALYZER_NONNULL = YES;
				CLANG_ANALYZER_NUMBER_OBJECT_CONVERSION = YES_AGGRESSIVE;
				CLANG_CXX_LANGUAGE_STANDARD = "gnu++17";
				CLANG_ENABLE_MODULES = YES;
				CLANG_ENABLE_OBJC_ARC = YES;
				CLANG_ENABLE_OBJC_WEAK = YES;
				CLANG_WARN_BLOCK_CAPTURE_AUTORELEASING = YES;
				CLANG_WARN_BOOL_CONVERSION = YES;
				CLANG_WARN_COMMA = YES;
				CLANG_WARN_CONSTANT_CONVERSION = YES;
				CLANG_WARN_DEPRECATED_OBJC_IMPLEMENTATIONS = YES;
				CLANG_WARN_DIRECT_OBJC_ISA_USAGE = YES_ERROR;
				CLANG_WARN_DOCUMENTATION_COMMENTS = YES;
				CLANG_WARN_EMPTY_BODY = YES;
				CLANG_WARN_ENUM_CONVERSION = YES;
				CLANG_WARN_INFINITE_RECURSION = YES;
				CLANG_WARN_INT_CONVERSION = YES;
				CLANG_WARN_NON_LITERAL_NULL_CONVERSION = YES;
				CLANG_WARN_OBJC_IMPLICIT_RETAIN_SELF = YES;
				CLANG_WARN_OBJC_LITERAL_CONVERSION = YES;
				CLANG_WARN_OBJC_ROOT_CLASS = YES_ERROR;
				CLANG_WARN_QUOTED_INCLUDE_IN_FRAMEWORK_HEADER = YES;
				CLANG_WARN_RANGE_LOOP_ANALYSIS = YES;
				CLANG_WARN_STRICT_PROTOTYPES = YES;
				CLANG_WARN_SUSPICIOUS_MOVE = YES;
				CLANG_WARN_UNGUARDED_AVAILABILITY = YES_AGGRESSIVE;
				CLANG_WARN_UNREACHABLE_CODE = YES;
				CLANG_WARN__DUPLICATE_METHOD_MATCH = YES;
				COPY_PHASE_STRIP = NO;
				DEBUG_INFORMATION_FORMAT = "dwarf-with-dsym";
				ENABLE_NS_ASSERTIONS = NO;
				ENABLE_STRICT_OBJC_MSGSEND = YES;
				GCC_C_LANGUAGE_STANDARD = gnu11;
				GCC_NO_COMMON_BLOCKS = YES;
				GCC_WARN_64_TO_32_BIT_CONVERSION = YES;
				GCC_WARN_ABOUT_RETURN_TYPE = YES_ERROR;
				GCC_WARN_UNDECLARED_SELECTOR = YES;
				GCC_WARN_UNINITIALIZED_AUTOS = YES_AGGRESSIVE;
				GCC_WARN_UNUSED_FUNCTION = YES;
				GCC_WARN_UNUSED_VARIABLE = YES;
				IPHONEOS_DEPLOYMENT_TARGET = 15.5;
				MTL_ENABLE_DEBUG_INFO = NO;
				MTL_FAST_MATH = YES;
				SDKROOT = iphoneos;
				SWIFT_COMPILATION_MODE = wholemodule;
				SWIFT_OPTIMIZATION_LEVEL = "-O";
				VALIDATE_PRODUCT = YES;
			};
			name = Release;
		};
		B610C1D829DB28C30020F285 /* Debug */ = {
			isa = XCBuildConfiguration;
			buildSettings = {
				ASSETCATALOG_COMPILER_APPICON_NAME = AppIcon;
				ASSETCATALOG_COMPILER_GLOBAL_ACCENT_COLOR_NAME = AccentColor;
				CODE_SIGN_STYLE = Automatic;
				CURRENT_PROJECT_VERSION = 1;
				GENERATE_INFOPLIST_FILE = YES;
				INFOPLIST_FILE = Clicker/Info.plist;
				INFOPLIST_KEY_CFBundleDisplayName = "Hit & Run";
				INFOPLIST_KEY_NSLocationWhenInUseUsageDescription = "";
				INFOPLIST_KEY_NSMotionUsageDescription = "";
				INFOPLIST_KEY_UIApplicationSupportsIndirectInputEvents = YES;
				INFOPLIST_KEY_UILaunchStoryboardName = LaunchScreen;
				INFOPLIST_KEY_UIMainStoryboardFile = Main;
				INFOPLIST_KEY_UISupportedInterfaceOrientations_iPad = "UIInterfaceOrientationPortrait UIInterfaceOrientationPortraitUpsideDown UIInterfaceOrientationLandscapeLeft UIInterfaceOrientationLandscapeRight";
				INFOPLIST_KEY_UISupportedInterfaceOrientations_iPhone = "UIInterfaceOrientationPortrait UIInterfaceOrientationLandscapeLeft UIInterfaceOrientationLandscapeRight";
				LD_RUNPATH_SEARCH_PATHS = (
					"$(inherited)",
					"@executable_path/Frameworks",
				);
				MARKETING_VERSION = 1.0;
				PRODUCT_BUNDLE_IDENTIFIER = "univ-lyon2.fr.Clicker";
				PRODUCT_NAME = "$(TARGET_NAME)";
				SWIFT_EMIT_LOC_STRINGS = YES;
				SWIFT_VERSION = 5.0;
				TARGETED_DEVICE_FAMILY = "1,2";
			};
			name = Debug;
		};
		B610C1D929DB28C30020F285 /* Release */ = {
			isa = XCBuildConfiguration;
			buildSettings = {
				ASSETCATALOG_COMPILER_APPICON_NAME = AppIcon;
				ASSETCATALOG_COMPILER_GLOBAL_ACCENT_COLOR_NAME = AccentColor;
				CODE_SIGN_STYLE = Automatic;
				CURRENT_PROJECT_VERSION = 1;
				GENERATE_INFOPLIST_FILE = YES;
				INFOPLIST_FILE = Clicker/Info.plist;
				INFOPLIST_KEY_CFBundleDisplayName = "Hit & Run";
				INFOPLIST_KEY_NSLocationWhenInUseUsageDescription = "";
				INFOPLIST_KEY_NSMotionUsageDescription = "";
				INFOPLIST_KEY_UIApplicationSupportsIndirectInputEvents = YES;
				INFOPLIST_KEY_UILaunchStoryboardName = LaunchScreen;
				INFOPLIST_KEY_UIMainStoryboardFile = Main;
				INFOPLIST_KEY_UISupportedInterfaceOrientations_iPad = "UIInterfaceOrientationPortrait UIInterfaceOrientationPortraitUpsideDown UIInterfaceOrientationLandscapeLeft UIInterfaceOrientationLandscapeRight";
				INFOPLIST_KEY_UISupportedInterfaceOrientations_iPhone = "UIInterfaceOrientationPortrait UIInterfaceOrientationLandscapeLeft UIInterfaceOrientationLandscapeRight";
				LD_RUNPATH_SEARCH_PATHS = (
					"$(inherited)",
					"@executable_path/Frameworks",
				);
				MARKETING_VERSION = 1.0;
				PRODUCT_BUNDLE_IDENTIFIER = "univ-lyon2.fr.Clicker";
				PRODUCT_NAME = "$(TARGET_NAME)";
				SWIFT_EMIT_LOC_STRINGS = YES;
				SWIFT_VERSION = 5.0;
				TARGETED_DEVICE_FAMILY = "1,2";
			};
			name = Release;
		};
		B610C1DB29DB28C30020F285 /* Debug */ = {
			isa = XCBuildConfiguration;
			buildSettings = {
				ALWAYS_EMBED_SWIFT_STANDARD_LIBRARIES = YES;
				BUNDLE_LOADER = "$(TEST_HOST)";
				CODE_SIGN_STYLE = Automatic;
				CURRENT_PROJECT_VERSION = 1;
				GENERATE_INFOPLIST_FILE = YES;
				IPHONEOS_DEPLOYMENT_TARGET = 15.5;
				MARKETING_VERSION = 1.0;
				PRODUCT_BUNDLE_IDENTIFIER = "univ-lyon2.fr.ClickerTests";
				PRODUCT_NAME = "$(TARGET_NAME)";
				SWIFT_EMIT_LOC_STRINGS = NO;
				SWIFT_VERSION = 5.0;
				TARGETED_DEVICE_FAMILY = "1,2";
				TEST_HOST = "$(BUILT_PRODUCTS_DIR)/Clicker.app/Clicker";
			};
			name = Debug;
		};
		B610C1DC29DB28C30020F285 /* Release */ = {
			isa = XCBuildConfiguration;
			buildSettings = {
				ALWAYS_EMBED_SWIFT_STANDARD_LIBRARIES = YES;
				BUNDLE_LOADER = "$(TEST_HOST)";
				CODE_SIGN_STYLE = Automatic;
				CURRENT_PROJECT_VERSION = 1;
				GENERATE_INFOPLIST_FILE = YES;
				IPHONEOS_DEPLOYMENT_TARGET = 15.5;
				MARKETING_VERSION = 1.0;
				PRODUCT_BUNDLE_IDENTIFIER = "univ-lyon2.fr.ClickerTests";
				PRODUCT_NAME = "$(TARGET_NAME)";
				SWIFT_EMIT_LOC_STRINGS = NO;
				SWIFT_VERSION = 5.0;
				TARGETED_DEVICE_FAMILY = "1,2";
				TEST_HOST = "$(BUILT_PRODUCTS_DIR)/Clicker.app/Clicker";
			};
			name = Release;
		};
		B610C1DE29DB28C30020F285 /* Debug */ = {
			isa = XCBuildConfiguration;
			buildSettings = {
				ALWAYS_EMBED_SWIFT_STANDARD_LIBRARIES = YES;
				CODE_SIGN_STYLE = Automatic;
				CURRENT_PROJECT_VERSION = 1;
				GENERATE_INFOPLIST_FILE = YES;
				MARKETING_VERSION = 1.0;
				PRODUCT_BUNDLE_IDENTIFIER = "univ-lyon2.fr.ClickerUITests";
				PRODUCT_NAME = "$(TARGET_NAME)";
				SWIFT_EMIT_LOC_STRINGS = NO;
				SWIFT_VERSION = 5.0;
				TARGETED_DEVICE_FAMILY = "1,2";
				TEST_TARGET_NAME = Clicker;
			};
			name = Debug;
		};
		B610C1DF29DB28C30020F285 /* Release */ = {
			isa = XCBuildConfiguration;
			buildSettings = {
				ALWAYS_EMBED_SWIFT_STANDARD_LIBRARIES = YES;
				CODE_SIGN_STYLE = Automatic;
				CURRENT_PROJECT_VERSION = 1;
				GENERATE_INFOPLIST_FILE = YES;
				MARKETING_VERSION = 1.0;
				PRODUCT_BUNDLE_IDENTIFIER = "univ-lyon2.fr.ClickerUITests";
				PRODUCT_NAME = "$(TARGET_NAME)";
				SWIFT_EMIT_LOC_STRINGS = NO;
				SWIFT_VERSION = 5.0;
				TARGETED_DEVICE_FAMILY = "1,2";
				TEST_TARGET_NAME = Clicker;
			};
			name = Release;
		};
/* End XCBuildConfiguration section */

/* Begin XCConfigurationList section */
		B610C1A829DB28C20020F285 /* Build configuration list for PBXProject "Clicker" */ = {
			isa = XCConfigurationList;
			buildConfigurations = (
				B610C1D529DB28C30020F285 /* Debug */,
				B610C1D629DB28C30020F285 /* Release */,
			);
			defaultConfigurationIsVisible = 0;
			defaultConfigurationName = Release;
		};
		B610C1D729DB28C30020F285 /* Build configuration list for PBXNativeTarget "Clicker" */ = {
			isa = XCConfigurationList;
			buildConfigurations = (
				B610C1D829DB28C30020F285 /* Debug */,
				B610C1D929DB28C30020F285 /* Release */,
			);
			defaultConfigurationIsVisible = 0;
			defaultConfigurationName = Release;
		};
		B610C1DA29DB28C30020F285 /* Build configuration list for PBXNativeTarget "ClickerTests" */ = {
			isa = XCConfigurationList;
			buildConfigurations = (
				B610C1DB29DB28C30020F285 /* Debug */,
				B610C1DC29DB28C30020F285 /* Release */,
			);
			defaultConfigurationIsVisible = 0;
			defaultConfigurationName = Release;
		};
		B610C1DD29DB28C30020F285 /* Build configuration list for PBXNativeTarget "ClickerUITests" */ = {
			isa = XCConfigurationList;
			buildConfigurations = (
				B610C1DE29DB28C30020F285 /* Debug */,
				B610C1DF29DB28C30020F285 /* Release */,
			);
			defaultConfigurationIsVisible = 0;
			defaultConfigurationName = Release;
		};
/* End XCConfigurationList section */
	};
	rootObject = B610C1A529DB28C20020F285 /* Project object */;
}
